// !$*UTF8*$!
{
	archiveVersion = 1;
	classes = {
	};
	objectVersion = 56;
	objects = {

/* Begin PBXBuildFile section */
		3E7167AFD8C52FD27299524F /* Pods_Whollet.framework in Frameworks */ = {isa = PBXBuildFile; fileRef = 19A09B2222917605F0EEF7F0 /* Pods_Whollet.framework */; };
		900766EF292BBF280030F020 /* SearchTableViewCell.swift in Sources */ = {isa = PBXBuildFile; fileRef = 900766ED292BBF280030F020 /* SearchTableViewCell.swift */; };
		900766F0292BBF280030F020 /* SearchTableViewCell.xib in Resources */ = {isa = PBXBuildFile; fileRef = 900766EE292BBF280030F020 /* SearchTableViewCell.xib */; };
		900766F3292BC9D60030F020 /* Whollet.xcdatamodeld in Sources */ = {isa = PBXBuildFile; fileRef = 900766F1292BC9D60030F020 /* Whollet.xcdatamodeld */; };
		900766F6292BCB040030F020 /* LocalDataMamager.swift in Sources */ = {isa = PBXBuildFile; fileRef = 900766F5292BCB040030F020 /* LocalDataMamager.swift */; };
		900766F8292BCC790030F020 /* SaveSearchHistoryUseCase.swift in Sources */ = {isa = PBXBuildFile; fileRef = 900766F7292BCC790030F020 /* SaveSearchHistoryUseCase.swift */; };
		900766FA292BCCC30030F020 /* SearchHistoryRepositoryImpl.swift in Sources */ = {isa = PBXBuildFile; fileRef = 900766F9292BCCC30030F020 /* SearchHistoryRepositoryImpl.swift */; };
		900766FC292BCDA20030F020 /* GetSearchHistoryUseCase.swift in Sources */ = {isa = PBXBuildFile; fileRef = 900766FB292BCDA20030F020 /* GetSearchHistoryUseCase.swift */; };
		901730A1292C8840003D9CDD /* SearchHistoryRepository.swift in Sources */ = {isa = PBXBuildFile; fileRef = 901730A0292C8840003D9CDD /* SearchHistoryRepository.swift */; };
		906C2187292CAABB0017740A /* TitilliumWeb-Bold.ttf in Resources */ = {isa = PBXBuildFile; fileRef = 906C2183292CAABB0017740A /* TitilliumWeb-Bold.ttf */; };
		906C2188292CAABB0017740A /* TitilliumWeb-Regular.ttf in Resources */ = {isa = PBXBuildFile; fileRef = 906C2184292CAABB0017740A /* TitilliumWeb-Regular.ttf */; };
		906C2189292CAABB0017740A /* TitilliumWeb-SemiBold.ttf in Resources */ = {isa = PBXBuildFile; fileRef = 906C2185292CAABB0017740A /* TitilliumWeb-SemiBold.ttf */; };
		906C218A292CAABB0017740A /* TitilliumWeb-Light.ttf in Resources */ = {isa = PBXBuildFile; fileRef = 906C2186292CAABB0017740A /* TitilliumWeb-Light.ttf */; };
		906C218D292CAB110017740A /* LoadWalletUseCase.swift in Sources */ = {isa = PBXBuildFile; fileRef = 906C218B292CAB110017740A /* LoadWalletUseCase.swift */; };
		906C218E292CAB110017740A /* CreateWalletUseCase.swift in Sources */ = {isa = PBXBuildFile; fileRef = 906C218C292CAB110017740A /* CreateWalletUseCase.swift */; };
		906C2190292CAB460017740A /* WalletRepositoryImpl.swift in Sources */ = {isa = PBXBuildFile; fileRef = 906C218F292CAB460017740A /* WalletRepositoryImpl.swift */; };
		906C2192292CAB590017740A /* WalletRepository.swift in Sources */ = {isa = PBXBuildFile; fileRef = 906C2191292CAB590017740A /* WalletRepository.swift */; };
		906C219B292CC3230017740A /* WelcomeViewController.storyboard in Resources */ = {isa = PBXBuildFile; fileRef = 906C2199292CC3230017740A /* WelcomeViewController.storyboard */; };
		906C219C292CC3230017740A /* WelcomeViewController.swift in Sources */ = {isa = PBXBuildFile; fileRef = 906C219A292CC3230017740A /* WelcomeViewController.swift */; };
		906C219E292CC4A30017740A /* UIButton+Extension.swift in Sources */ = {isa = PBXBuildFile; fileRef = 906C219D292CC4A30017740A /* UIButton+Extension.swift */; };
		90E8C8D6292B6FAA00F264E3 /* SearchCoinRequestParams.swift in Sources */ = {isa = PBXBuildFile; fileRef = 90E8C8D5292B6FAA00F264E3 /* SearchCoinRequestParams.swift */; };
		90E8C8D8292B716C00F264E3 /* SearchCoinResponseModel.swift in Sources */ = {isa = PBXBuildFile; fileRef = 90E8C8D7292B716C00F264E3 /* SearchCoinResponseModel.swift */; };
		90E8C8DB292B76BE00F264E3 /* GetSearchCoinUseCase.swift in Sources */ = {isa = PBXBuildFile; fileRef = 90E8C8DA292B76BE00F264E3 /* GetSearchCoinUseCase.swift */; };
		90E8C8DE292B992400F264E3 /* SearchViewModel.swift in Sources */ = {isa = PBXBuildFile; fileRef = 90E8C8DD292B992400F264E3 /* SearchViewModel.swift */; };
		90E8C8E2292B996800F264E3 /* SearchViewController.swift in Sources */ = {isa = PBXBuildFile; fileRef = 90E8C8E1292B996800F264E3 /* SearchViewController.swift */; };
		90E8C8E4292B9AAC00F264E3 /* SearchViewController.storyboard in Resources */ = {isa = PBXBuildFile; fileRef = 90E8C8E3292B9AAC00F264E3 /* SearchViewController.storyboard */; };
		DD0837B22924EE930020F767 /* BehaviorSubject.swift in Sources */ = {isa = PBXBuildFile; fileRef = DD0837B12924EE930020F767 /* BehaviorSubject.swift */; };
		DD20CD30291E30F900C8F1EE /* AppConstants.swift in Sources */ = {isa = PBXBuildFile; fileRef = DD20CD24291E30F900C8F1EE /* AppConstants.swift */; };
		DD20CD32291E30F900C8F1EE /* Endpoints.swift in Sources */ = {isa = PBXBuildFile; fileRef = DD20CD27291E30F900C8F1EE /* Endpoints.swift */; };
		DD20CD33291E30F900C8F1EE /* APIError.swift in Sources */ = {isa = PBXBuildFile; fileRef = DD20CD29291E30F900C8F1EE /* APIError.swift */; };
		DD20CD34291E30F900C8F1EE /* APICaller.swift in Sources */ = {isa = PBXBuildFile; fileRef = DD20CD2A291E30F900C8F1EE /* APICaller.swift */; };
		DD20CD35291E30F900C8F1EE /* BaseRequestParams.swift in Sources */ = {isa = PBXBuildFile; fileRef = DD20CD2C291E30F900C8F1EE /* BaseRequestParams.swift */; };
		DD20CD36291E30F900C8F1EE /* CoinsRequestParams.swift in Sources */ = {isa = PBXBuildFile; fileRef = DD20CD2D291E30F900C8F1EE /* CoinsRequestParams.swift */; };
		DD20CD3D291E312F00C8F1EE /* UIImageView+Extension.swift in Sources */ = {isa = PBXBuildFile; fileRef = DD20CD38291E312F00C8F1EE /* UIImageView+Extension.swift */; };
		DD20CD3E291E312F00C8F1EE /* UIColor+Extension.swift in Sources */ = {isa = PBXBuildFile; fileRef = DD20CD39291E312F00C8F1EE /* UIColor+Extension.swift */; };
		DD20CD3F291E312F00C8F1EE /* UILabel+Extension.swift in Sources */ = {isa = PBXBuildFile; fileRef = DD20CD3A291E312F00C8F1EE /* UILabel+Extension.swift */; };
		DD20CD40291E312F00C8F1EE /* UIVIew+Extension.swift in Sources */ = {isa = PBXBuildFile; fileRef = DD20CD3B291E312F00C8F1EE /* UIVIew+Extension.swift */; };
		DD20CD41291E312F00C8F1EE /* UIScreen+Extension.swift in Sources */ = {isa = PBXBuildFile; fileRef = DD20CD3C291E312F00C8F1EE /* UIScreen+Extension.swift */; };
		DD8635CF29234E5F00213909 /* ChartResponseModel.swift in Sources */ = {isa = PBXBuildFile; fileRef = DD8635CE29234E5F00213909 /* ChartResponseModel.swift */; };
		DD8635D129234E7200213909 /* CoinsResponseModel.swift in Sources */ = {isa = PBXBuildFile; fileRef = DD8635D029234E7200213909 /* CoinsResponseModel.swift */; };
		DD8635D329234E9F00213909 /* ChartRequestParams.swift in Sources */ = {isa = PBXBuildFile; fileRef = DD8635D229234E9F00213909 /* ChartRequestParams.swift */; };
		DD8635D729234ECF00213909 /* CoinsRepository.swift in Sources */ = {isa = PBXBuildFile; fileRef = DD8635D629234ECF00213909 /* CoinsRepository.swift */; };
		DD8635DB29234F0000213909 /* CoinServices.swift in Sources */ = {isa = PBXBuildFile; fileRef = DD8635DA29234F0000213909 /* CoinServices.swift */; };
		DD8635DE2923509300213909 /* CoinsRepositoryImpl.swift in Sources */ = {isa = PBXBuildFile; fileRef = DD8635DD2923509300213909 /* CoinsRepositoryImpl.swift */; };
		DD8635E1292350CC00213909 /* GetCoinsUseCase.swift in Sources */ = {isa = PBXBuildFile; fileRef = DD8635E0292350CC00213909 /* GetCoinsUseCase.swift */; };
		DD8635E4292350E700213909 /* GetChartUseCase.swift in Sources */ = {isa = PBXBuildFile; fileRef = DD8635E3292350E700213909 /* GetChartUseCase.swift */; };
		DD8DCE44291CFD1400F6BC9F /* AppDelegate.swift in Sources */ = {isa = PBXBuildFile; fileRef = DD8DCE43291CFD1400F6BC9F /* AppDelegate.swift */; };
		DD8DCE4D291CFD1600F6BC9F /* Assets.xcassets in Resources */ = {isa = PBXBuildFile; fileRef = DD8DCE4C291CFD1600F6BC9F /* Assets.xcassets */; };
		DD9E097F2921D95F00308D34 /* ImageManager.swift in Sources */ = {isa = PBXBuildFile; fileRef = DD9E097E2921D95E00308D34 /* ImageManager.swift */; };
		DD9E09922921E9AC00308D34 /* LaunchScreen.storyboard in Resources */ = {isa = PBXBuildFile; fileRef = DD9E098D2921E9AC00308D34 /* LaunchScreen.storyboard */; };
		DD9E09932921E9AC00308D34 /* OnboardingScreen.storyboard in Resources */ = {isa = PBXBuildFile; fileRef = DD9E09902921E9AC00308D34 /* OnboardingScreen.storyboard */; };
		DD9E09942921E9AC00308D34 /* OnboardingViewController.swift in Sources */ = {isa = PBXBuildFile; fileRef = DD9E09912921E9AC00308D34 /* OnboardingViewController.swift */; };
		DD9E09982921E9D500308D34 /* OnboardingModel.swift in Sources */ = {isa = PBXBuildFile; fileRef = DD9E09972921E9D500308D34 /* OnboardingModel.swift */; };
		DDA3DC1E2927507D00ED7E3E /* CoinsViewModel.swift in Sources */ = {isa = PBXBuildFile; fileRef = DDA3DC1B2927507D00ED7E3E /* CoinsViewModel.swift */; };
		DDA3DC1F2927507D00ED7E3E /* CoinsViewController.swift in Sources */ = {isa = PBXBuildFile; fileRef = DDA3DC1C2927507D00ED7E3E /* CoinsViewController.swift */; };
		DDA3DC202927507D00ED7E3E /* CoinsViewController.storyboard in Resources */ = {isa = PBXBuildFile; fileRef = DDA3DC1D2927507D00ED7E3E /* CoinsViewController.storyboard */; };
		DDA3DC252927508300ED7E3E /* DetailViewController.swift in Sources */ = {isa = PBXBuildFile; fileRef = DDA3DC222927508300ED7E3E /* DetailViewController.swift */; };
		DDA3DC262927508300ED7E3E /* DetailViewModel.swift in Sources */ = {isa = PBXBuildFile; fileRef = DDA3DC232927508300ED7E3E /* DetailViewModel.swift */; };
		DDA3DC272927508300ED7E3E /* DetailViewController.storyboard in Resources */ = {isa = PBXBuildFile; fileRef = DDA3DC242927508300ED7E3E /* DetailViewController.storyboard */; };
		DDA3DC2B2927512900ED7E3E /* SpinnerFooter.swift in Sources */ = {isa = PBXBuildFile; fileRef = DDA3DC292927512900ED7E3E /* SpinnerFooter.swift */; };
		DDA3DC2C2927512900ED7E3E /* SpinnerFooter.xib in Resources */ = {isa = PBXBuildFile; fileRef = DDA3DC2A2927512900ED7E3E /* SpinnerFooter.xib */; };
		DDAA0532292499E2007E61FA /* HomeViewModel.swift in Sources */ = {isa = PBXBuildFile; fileRef = DDAA0531292499E2007E61FA /* HomeViewModel.swift */; };
		DDAA0534292499F7007E61FA /* HomeViewController.swift in Sources */ = {isa = PBXBuildFile; fileRef = DDAA0533292499F7007E61FA /* HomeViewController.swift */; };
		DDAA053929249A29007E61FA /* HomeViewController.storyboard in Resources */ = {isa = PBXBuildFile; fileRef = DDAA053829249A29007E61FA /* HomeViewController.storyboard */; };
		DDAA054429249B34007E61FA /* CoinTableViewCell.xib in Resources */ = {isa = PBXBuildFile; fileRef = DDAA054329249B34007E61FA /* CoinTableViewCell.xib */; };
		DDAA054729249B56007E61FA /* CoinTableViewCell.swift in Sources */ = {isa = PBXBuildFile; fileRef = DDAA054629249B56007E61FA /* CoinTableViewCell.swift */; };
		DDAA054929249BC1007E61FA /* String+Extension.swift in Sources */ = {isa = PBXBuildFile; fileRef = DDAA054829249BC1007E61FA /* String+Extension.swift */; };
		DDAA054C29249C19007E61FA /* Charts in Frameworks */ = {isa = PBXBuildFile; productRef = DDAA054B29249C19007E61FA /* Charts */; };
		DDAA05592924BD22007E61FA /* Reusable in Frameworks */ = {isa = PBXBuildFile; productRef = DDAA05582924BD22007E61FA /* Reusable */; };
/* End PBXBuildFile section */

/* Begin PBXContainerItemProxy section */
		DD8DCE57291CFD1600F6BC9F /* PBXContainerItemProxy */ = {
			isa = PBXContainerItemProxy;
			containerPortal = DD8DCE38291CFD1400F6BC9F /* Project object */;
			proxyType = 1;
			remoteGlobalIDString = DD8DCE3F291CFD1400F6BC9F;
			remoteInfo = Whollet;
		};
		DD8DCE61291CFD1700F6BC9F /* PBXContainerItemProxy */ = {
			isa = PBXContainerItemProxy;
			containerPortal = DD8DCE38291CFD1400F6BC9F /* Project object */;
			proxyType = 1;
			remoteGlobalIDString = DD8DCE3F291CFD1400F6BC9F;
			remoteInfo = Whollet;
		};
/* End PBXContainerItemProxy section */

/* Begin PBXFileReference section */
		19A09B2222917605F0EEF7F0 /* Pods_Whollet.framework */ = {isa = PBXFileReference; explicitFileType = wrapper.framework; includeInIndex = 0; path = Pods_Whollet.framework; sourceTree = BUILT_PRODUCTS_DIR; };
		61F3BA7BD8F952254624C86A /* Pods-Whollet.debug.xcconfig */ = {isa = PBXFileReference; includeInIndex = 1; lastKnownFileType = text.xcconfig; name = "Pods-Whollet.debug.xcconfig"; path = "Target Support Files/Pods-Whollet/Pods-Whollet.debug.xcconfig"; sourceTree = "<group>"; };
		900766ED292BBF280030F020 /* SearchTableViewCell.swift */ = {isa = PBXFileReference; lastKnownFileType = sourcecode.swift; path = SearchTableViewCell.swift; sourceTree = "<group>"; };
		900766EE292BBF280030F020 /* SearchTableViewCell.xib */ = {isa = PBXFileReference; lastKnownFileType = file.xib; path = SearchTableViewCell.xib; sourceTree = "<group>"; };
		900766F2292BC9D60030F020 /* Whollet.xcdatamodel */ = {isa = PBXFileReference; lastKnownFileType = wrapper.xcdatamodel; path = Whollet.xcdatamodel; sourceTree = "<group>"; };
		900766F5292BCB040030F020 /* LocalDataMamager.swift */ = {isa = PBXFileReference; lastKnownFileType = sourcecode.swift; path = LocalDataMamager.swift; sourceTree = "<group>"; };
		900766F7292BCC790030F020 /* SaveSearchHistoryUseCase.swift */ = {isa = PBXFileReference; lastKnownFileType = sourcecode.swift; path = SaveSearchHistoryUseCase.swift; sourceTree = "<group>"; };
		900766F9292BCCC30030F020 /* SearchHistoryRepositoryImpl.swift */ = {isa = PBXFileReference; lastKnownFileType = sourcecode.swift; path = SearchHistoryRepositoryImpl.swift; sourceTree = "<group>"; };
		900766FB292BCDA20030F020 /* GetSearchHistoryUseCase.swift */ = {isa = PBXFileReference; lastKnownFileType = sourcecode.swift; path = GetSearchHistoryUseCase.swift; sourceTree = "<group>"; };
		901730A0292C8840003D9CDD /* SearchHistoryRepository.swift */ = {isa = PBXFileReference; lastKnownFileType = sourcecode.swift; path = SearchHistoryRepository.swift; sourceTree = "<group>"; };
		906C2183292CAABB0017740A /* TitilliumWeb-Bold.ttf */ = {isa = PBXFileReference; lastKnownFileType = file; path = "TitilliumWeb-Bold.ttf"; sourceTree = "<group>"; };
		906C2184292CAABB0017740A /* TitilliumWeb-Regular.ttf */ = {isa = PBXFileReference; lastKnownFileType = file; path = "TitilliumWeb-Regular.ttf"; sourceTree = "<group>"; };
		906C2185292CAABB0017740A /* TitilliumWeb-SemiBold.ttf */ = {isa = PBXFileReference; lastKnownFileType = file; path = "TitilliumWeb-SemiBold.ttf"; sourceTree = "<group>"; };
		906C2186292CAABB0017740A /* TitilliumWeb-Light.ttf */ = {isa = PBXFileReference; lastKnownFileType = file; path = "TitilliumWeb-Light.ttf"; sourceTree = "<group>"; };
		906C218B292CAB110017740A /* LoadWalletUseCase.swift */ = {isa = PBXFileReference; fileEncoding = 4; lastKnownFileType = sourcecode.swift; path = LoadWalletUseCase.swift; sourceTree = "<group>"; };
		906C218C292CAB110017740A /* CreateWalletUseCase.swift */ = {isa = PBXFileReference; fileEncoding = 4; lastKnownFileType = sourcecode.swift; path = CreateWalletUseCase.swift; sourceTree = "<group>"; };
		906C218F292CAB460017740A /* WalletRepositoryImpl.swift */ = {isa = PBXFileReference; lastKnownFileType = sourcecode.swift; path = WalletRepositoryImpl.swift; sourceTree = "<group>"; };
		906C2191292CAB590017740A /* WalletRepository.swift */ = {isa = PBXFileReference; lastKnownFileType = sourcecode.swift; path = WalletRepository.swift; sourceTree = "<group>"; };
		906C2199292CC3230017740A /* WelcomeViewController.storyboard */ = {isa = PBXFileReference; fileEncoding = 4; lastKnownFileType = file.storyboard; path = WelcomeViewController.storyboard; sourceTree = "<group>"; };
		906C219A292CC3230017740A /* WelcomeViewController.swift */ = {isa = PBXFileReference; fileEncoding = 4; lastKnownFileType = sourcecode.swift; path = WelcomeViewController.swift; sourceTree = "<group>"; };
		906C219D292CC4A30017740A /* UIButton+Extension.swift */ = {isa = PBXFileReference; lastKnownFileType = sourcecode.swift; path = "UIButton+Extension.swift"; sourceTree = "<group>"; };
		90E8C8D5292B6FAA00F264E3 /* SearchCoinRequestParams.swift */ = {isa = PBXFileReference; lastKnownFileType = sourcecode.swift; path = SearchCoinRequestParams.swift; sourceTree = "<group>"; };
		90E8C8D7292B716C00F264E3 /* SearchCoinResponseModel.swift */ = {isa = PBXFileReference; lastKnownFileType = sourcecode.swift; path = SearchCoinResponseModel.swift; sourceTree = "<group>"; };
		90E8C8DA292B76BE00F264E3 /* GetSearchCoinUseCase.swift */ = {isa = PBXFileReference; lastKnownFileType = sourcecode.swift; path = GetSearchCoinUseCase.swift; sourceTree = "<group>"; };
		90E8C8DD292B992400F264E3 /* SearchViewModel.swift */ = {isa = PBXFileReference; lastKnownFileType = sourcecode.swift; path = SearchViewModel.swift; sourceTree = "<group>"; };
		90E8C8E1292B996800F264E3 /* SearchViewController.swift */ = {isa = PBXFileReference; lastKnownFileType = sourcecode.swift; path = SearchViewController.swift; sourceTree = "<group>"; };
		90E8C8E3292B9AAC00F264E3 /* SearchViewController.storyboard */ = {isa = PBXFileReference; lastKnownFileType = file.storyboard; path = SearchViewController.storyboard; sourceTree = "<group>"; };
		DD0837B12924EE930020F767 /* BehaviorSubject.swift */ = {isa = PBXFileReference; lastKnownFileType = sourcecode.swift; path = BehaviorSubject.swift; sourceTree = "<group>"; };
		DD20CD24291E30F900C8F1EE /* AppConstants.swift */ = {isa = PBXFileReference; fileEncoding = 4; lastKnownFileType = sourcecode.swift; path = AppConstants.swift; sourceTree = "<group>"; };
		DD20CD27291E30F900C8F1EE /* Endpoints.swift */ = {isa = PBXFileReference; fileEncoding = 4; lastKnownFileType = sourcecode.swift; path = Endpoints.swift; sourceTree = "<group>"; };
		DD20CD29291E30F900C8F1EE /* APIError.swift */ = {isa = PBXFileReference; fileEncoding = 4; lastKnownFileType = sourcecode.swift; path = APIError.swift; sourceTree = "<group>"; };
		DD20CD2A291E30F900C8F1EE /* APICaller.swift */ = {isa = PBXFileReference; fileEncoding = 4; lastKnownFileType = sourcecode.swift; path = APICaller.swift; sourceTree = "<group>"; };
		DD20CD2C291E30F900C8F1EE /* BaseRequestParams.swift */ = {isa = PBXFileReference; fileEncoding = 4; lastKnownFileType = sourcecode.swift; path = BaseRequestParams.swift; sourceTree = "<group>"; };
		DD20CD2D291E30F900C8F1EE /* CoinsRequestParams.swift */ = {isa = PBXFileReference; fileEncoding = 4; lastKnownFileType = sourcecode.swift; path = CoinsRequestParams.swift; sourceTree = "<group>"; };
		DD20CD38291E312F00C8F1EE /* UIImageView+Extension.swift */ = {isa = PBXFileReference; fileEncoding = 4; lastKnownFileType = sourcecode.swift; path = "UIImageView+Extension.swift"; sourceTree = "<group>"; };
		DD20CD39291E312F00C8F1EE /* UIColor+Extension.swift */ = {isa = PBXFileReference; fileEncoding = 4; lastKnownFileType = sourcecode.swift; path = "UIColor+Extension.swift"; sourceTree = "<group>"; };
		DD20CD3A291E312F00C8F1EE /* UILabel+Extension.swift */ = {isa = PBXFileReference; fileEncoding = 4; lastKnownFileType = sourcecode.swift; path = "UILabel+Extension.swift"; sourceTree = "<group>"; };
		DD20CD3B291E312F00C8F1EE /* UIVIew+Extension.swift */ = {isa = PBXFileReference; fileEncoding = 4; lastKnownFileType = sourcecode.swift; path = "UIVIew+Extension.swift"; sourceTree = "<group>"; };
		DD20CD3C291E312F00C8F1EE /* UIScreen+Extension.swift */ = {isa = PBXFileReference; fileEncoding = 4; lastKnownFileType = sourcecode.swift; path = "UIScreen+Extension.swift"; sourceTree = "<group>"; };
		DD8635CE29234E5F00213909 /* ChartResponseModel.swift */ = {isa = PBXFileReference; lastKnownFileType = sourcecode.swift; path = ChartResponseModel.swift; sourceTree = "<group>"; };
		DD8635D029234E7200213909 /* CoinsResponseModel.swift */ = {isa = PBXFileReference; lastKnownFileType = sourcecode.swift; path = CoinsResponseModel.swift; sourceTree = "<group>"; };
		DD8635D229234E9F00213909 /* ChartRequestParams.swift */ = {isa = PBXFileReference; lastKnownFileType = sourcecode.swift; path = ChartRequestParams.swift; sourceTree = "<group>"; };
		DD8635D629234ECF00213909 /* CoinsRepository.swift */ = {isa = PBXFileReference; lastKnownFileType = sourcecode.swift; path = CoinsRepository.swift; sourceTree = "<group>"; };
		DD8635DA29234F0000213909 /* CoinServices.swift */ = {isa = PBXFileReference; lastKnownFileType = sourcecode.swift; path = CoinServices.swift; sourceTree = "<group>"; };
		DD8635DD2923509300213909 /* CoinsRepositoryImpl.swift */ = {isa = PBXFileReference; lastKnownFileType = sourcecode.swift; path = CoinsRepositoryImpl.swift; sourceTree = "<group>"; };
		DD8635E0292350CC00213909 /* GetCoinsUseCase.swift */ = {isa = PBXFileReference; lastKnownFileType = sourcecode.swift; path = GetCoinsUseCase.swift; sourceTree = "<group>"; };
		DD8635E3292350E700213909 /* GetChartUseCase.swift */ = {isa = PBXFileReference; lastKnownFileType = sourcecode.swift; path = GetChartUseCase.swift; sourceTree = "<group>"; };
		DD8DCE40291CFD1400F6BC9F /* Whollet.app */ = {isa = PBXFileReference; explicitFileType = wrapper.application; includeInIndex = 0; path = Whollet.app; sourceTree = BUILT_PRODUCTS_DIR; };
		DD8DCE43291CFD1400F6BC9F /* AppDelegate.swift */ = {isa = PBXFileReference; lastKnownFileType = sourcecode.swift; path = AppDelegate.swift; sourceTree = "<group>"; };
		DD8DCE4C291CFD1600F6BC9F /* Assets.xcassets */ = {isa = PBXFileReference; lastKnownFileType = folder.assetcatalog; path = Assets.xcassets; sourceTree = "<group>"; };
		DD8DCE51291CFD1600F6BC9F /* Info.plist */ = {isa = PBXFileReference; lastKnownFileType = text.plist.xml; path = Info.plist; sourceTree = "<group>"; };
		DD8DCE56291CFD1600F6BC9F /* WholletTests.xctest */ = {isa = PBXFileReference; explicitFileType = wrapper.cfbundle; includeInIndex = 0; path = WholletTests.xctest; sourceTree = BUILT_PRODUCTS_DIR; };
		DD8DCE60291CFD1700F6BC9F /* WholletUITests.xctest */ = {isa = PBXFileReference; explicitFileType = wrapper.cfbundle; includeInIndex = 0; path = WholletUITests.xctest; sourceTree = BUILT_PRODUCTS_DIR; };
		DD9E097E2921D95E00308D34 /* ImageManager.swift */ = {isa = PBXFileReference; lastKnownFileType = sourcecode.swift; path = ImageManager.swift; sourceTree = "<group>"; };
		DD9E098E2921E9AC00308D34 /* Base */ = {isa = PBXFileReference; lastKnownFileType = file.storyboard; name = Base; path = Base.lproj/LaunchScreen.storyboard; sourceTree = "<group>"; };
		DD9E09902921E9AC00308D34 /* OnboardingScreen.storyboard */ = {isa = PBXFileReference; fileEncoding = 4; lastKnownFileType = file.storyboard; path = OnboardingScreen.storyboard; sourceTree = "<group>"; };
		DD9E09912921E9AC00308D34 /* OnboardingViewController.swift */ = {isa = PBXFileReference; fileEncoding = 4; lastKnownFileType = sourcecode.swift; path = OnboardingViewController.swift; sourceTree = "<group>"; };
		DD9E09972921E9D500308D34 /* OnboardingModel.swift */ = {isa = PBXFileReference; fileEncoding = 4; lastKnownFileType = sourcecode.swift; path = OnboardingModel.swift; sourceTree = "<group>"; };
		DDA3DC1B2927507D00ED7E3E /* CoinsViewModel.swift */ = {isa = PBXFileReference; fileEncoding = 4; lastKnownFileType = sourcecode.swift; path = CoinsViewModel.swift; sourceTree = "<group>"; };
		DDA3DC1C2927507D00ED7E3E /* CoinsViewController.swift */ = {isa = PBXFileReference; fileEncoding = 4; lastKnownFileType = sourcecode.swift; path = CoinsViewController.swift; sourceTree = "<group>"; };
		DDA3DC1D2927507D00ED7E3E /* CoinsViewController.storyboard */ = {isa = PBXFileReference; fileEncoding = 4; lastKnownFileType = file.storyboard; path = CoinsViewController.storyboard; sourceTree = "<group>"; };
		DDA3DC222927508300ED7E3E /* DetailViewController.swift */ = {isa = PBXFileReference; fileEncoding = 4; lastKnownFileType = sourcecode.swift; path = DetailViewController.swift; sourceTree = "<group>"; };
		DDA3DC232927508300ED7E3E /* DetailViewModel.swift */ = {isa = PBXFileReference; fileEncoding = 4; lastKnownFileType = sourcecode.swift; path = DetailViewModel.swift; sourceTree = "<group>"; };
		DDA3DC242927508300ED7E3E /* DetailViewController.storyboard */ = {isa = PBXFileReference; fileEncoding = 4; lastKnownFileType = file.storyboard; path = DetailViewController.storyboard; sourceTree = "<group>"; };
		DDA3DC292927512900ED7E3E /* SpinnerFooter.swift */ = {isa = PBXFileReference; fileEncoding = 4; lastKnownFileType = sourcecode.swift; path = SpinnerFooter.swift; sourceTree = "<group>"; };
		DDA3DC2A2927512900ED7E3E /* SpinnerFooter.xib */ = {isa = PBXFileReference; fileEncoding = 4; lastKnownFileType = file.xib; path = SpinnerFooter.xib; sourceTree = "<group>"; };
		DDAA0531292499E2007E61FA /* HomeViewModel.swift */ = {isa = PBXFileReference; lastKnownFileType = sourcecode.swift; path = HomeViewModel.swift; sourceTree = "<group>"; };
		DDAA0533292499F7007E61FA /* HomeViewController.swift */ = {isa = PBXFileReference; lastKnownFileType = sourcecode.swift; path = HomeViewController.swift; sourceTree = "<group>"; };
		DDAA053829249A29007E61FA /* HomeViewController.storyboard */ = {isa = PBXFileReference; lastKnownFileType = file.storyboard; path = HomeViewController.storyboard; sourceTree = "<group>"; };
		DDAA054329249B34007E61FA /* CoinTableViewCell.xib */ = {isa = PBXFileReference; lastKnownFileType = file.xib; path = CoinTableViewCell.xib; sourceTree = "<group>"; };
		DDAA054629249B56007E61FA /* CoinTableViewCell.swift */ = {isa = PBXFileReference; lastKnownFileType = sourcecode.swift; path = CoinTableViewCell.swift; sourceTree = "<group>"; };
		DDAA054829249BC1007E61FA /* String+Extension.swift */ = {isa = PBXFileReference; lastKnownFileType = sourcecode.swift; path = "String+Extension.swift"; sourceTree = "<group>"; };
		EDFB2F9F16BC36AE3E5F5AC3 /* Pods-Whollet.release.xcconfig */ = {isa = PBXFileReference; includeInIndex = 1; lastKnownFileType = text.xcconfig; name = "Pods-Whollet.release.xcconfig"; path = "Target Support Files/Pods-Whollet/Pods-Whollet.release.xcconfig"; sourceTree = "<group>"; };
/* End PBXFileReference section */

/* Begin PBXFrameworksBuildPhase section */
		DD8DCE3D291CFD1400F6BC9F /* Frameworks */ = {
			isa = PBXFrameworksBuildPhase;
			buildActionMask = 2147483647;
			files = (
				DDAA054C29249C19007E61FA /* Charts in Frameworks */,
				DDAA05592924BD22007E61FA /* Reusable in Frameworks */,
				3E7167AFD8C52FD27299524F /* Pods_Whollet.framework in Frameworks */,
			);
			runOnlyForDeploymentPostprocessing = 0;
		};
		DD8DCE53291CFD1600F6BC9F /* Frameworks */ = {
			isa = PBXFrameworksBuildPhase;
			buildActionMask = 2147483647;
			files = (
			);
			runOnlyForDeploymentPostprocessing = 0;
		};
		DD8DCE5D291CFD1700F6BC9F /* Frameworks */ = {
			isa = PBXFrameworksBuildPhase;
			buildActionMask = 2147483647;
			files = (
			);
			runOnlyForDeploymentPostprocessing = 0;
		};
/* End PBXFrameworksBuildPhase section */

/* Begin PBXGroup section */
		8B2963C610039CD066CE671E /* Frameworks */ = {
			isa = PBXGroup;
			children = (
				19A09B2222917605F0EEF7F0 /* Pods_Whollet.framework */,
			);
			name = Frameworks;
			sourceTree = "<group>";
		};
		900766EB292BBF030030F020 /* SearchCell */ = {
			isa = PBXGroup;
			children = (
				900766ED292BBF280030F020 /* SearchTableViewCell.swift */,
				900766EE292BBF280030F020 /* SearchTableViewCell.xib */,
			);
			path = SearchCell;
			sourceTree = "<group>";
		};
		900766F4292BCAF20030F020 /* Local */ = {
			isa = PBXGroup;
			children = (
				900766F5292BCB040030F020 /* LocalDataMamager.swift */,
			);
			path = Local;
			sourceTree = "<group>";
		};
		906C2182292CAABB0017740A /* Font */ = {
			isa = PBXGroup;
			children = (
				906C2183292CAABB0017740A /* TitilliumWeb-Bold.ttf */,
				906C2184292CAABB0017740A /* TitilliumWeb-Regular.ttf */,
				906C2185292CAABB0017740A /* TitilliumWeb-SemiBold.ttf */,
				906C2186292CAABB0017740A /* TitilliumWeb-Light.ttf */,
			);
			path = Font;
			sourceTree = "<group>";
		};
		906C2198292CC3230017740A /* Welcome */ = {
			isa = PBXGroup;
			children = (
				906C2199292CC3230017740A /* WelcomeViewController.storyboard */,
				906C219A292CC3230017740A /* WelcomeViewController.swift */,
			);
			path = Welcome;
			sourceTree = "<group>";
		};
		90E8C8D9292B758900F264E3 /* Search */ = {
			isa = PBXGroup;
			children = (
				90E8C8DD292B992400F264E3 /* SearchViewModel.swift */,
				90E8C8E1292B996800F264E3 /* SearchViewController.swift */,
				90E8C8E3292B9AAC00F264E3 /* SearchViewController.storyboard */,
			);
			path = Search;
			sourceTree = "<group>";
		};
		BCB635324DC014C757E4A00F /* Pods */ = {
			isa = PBXGroup;
			children = (
				61F3BA7BD8F952254624C86A /* Pods-Whollet.debug.xcconfig */,
				EDFB2F9F16BC36AE3E5F5AC3 /* Pods-Whollet.release.xcconfig */,
			);
			path = Pods;
			sourceTree = "<group>";
		};
		DD20CD1F291E30F900C8F1EE /* Core */ = {
			isa = PBXGroup;
			children = (
				DD20CD20291E30F900C8F1EE /* ViewModel */,
				DD20CD22291E30F900C8F1EE /* Constants */,
				DD20CD26291E30F900C8F1EE /* Network */,
				DD20CD2B291E30F900C8F1EE /* Params */,
			);
			path = Core;
			sourceTree = "<group>";
		};
		DD20CD20291E30F900C8F1EE /* ViewModel */ = {
			isa = PBXGroup;
			children = (
				DD0837B12924EE930020F767 /* BehaviorSubject.swift */,
			);
			path = ViewModel;
			sourceTree = "<group>";
		};
		DD20CD22291E30F900C8F1EE /* Constants */ = {
			isa = PBXGroup;
			children = (
				DD20CD24291E30F900C8F1EE /* AppConstants.swift */,
			);
			path = Constants;
			sourceTree = "<group>";
		};
		DD20CD26291E30F900C8F1EE /* Network */ = {
			isa = PBXGroup;
			children = (
				DD20CD27291E30F900C8F1EE /* Endpoints.swift */,
				DD9E097E2921D95E00308D34 /* ImageManager.swift */,
				DD20CD28291E30F900C8F1EE /* API */,
			);
			path = Network;
			sourceTree = "<group>";
		};
		DD20CD28291E30F900C8F1EE /* API */ = {
			isa = PBXGroup;
			children = (
				DD20CD29291E30F900C8F1EE /* APIError.swift */,
				DD20CD2A291E30F900C8F1EE /* APICaller.swift */,
			);
			path = API;
			sourceTree = "<group>";
		};
		DD20CD2B291E30F900C8F1EE /* Params */ = {
			isa = PBXGroup;
			children = (
				DD20CD2C291E30F900C8F1EE /* BaseRequestParams.swift */,
				DD20CD2D291E30F900C8F1EE /* CoinsRequestParams.swift */,
				DD8635D229234E9F00213909 /* ChartRequestParams.swift */,
				90E8C8D5292B6FAA00F264E3 /* SearchCoinRequestParams.swift */,
			);
			path = Params;
			sourceTree = "<group>";
		};
		DD20CD37291E312F00C8F1EE /* Extensions */ = {
			isa = PBXGroup;
			children = (
				DD20CD38291E312F00C8F1EE /* UIImageView+Extension.swift */,
				DD20CD39291E312F00C8F1EE /* UIColor+Extension.swift */,
				DD20CD3A291E312F00C8F1EE /* UILabel+Extension.swift */,
				DD20CD3B291E312F00C8F1EE /* UIVIew+Extension.swift */,
				DD20CD3C291E312F00C8F1EE /* UIScreen+Extension.swift */,
				DDAA054829249BC1007E61FA /* String+Extension.swift */,
				906C219D292CC4A30017740A /* UIButton+Extension.swift */,
			);
			path = Extensions;
			sourceTree = "<group>";
		};
		DD8635D429234EBE00213909 /* Domain */ = {
			isa = PBXGroup;
			children = (
				DD8635DF292350BE00213909 /* UseCases */,
				DD8635D529234EC200213909 /* Repositories */,
			);
			path = Domain;
			sourceTree = "<group>";
		};
		DD8635D529234EC200213909 /* Repositories */ = {
			isa = PBXGroup;
			children = (
				DD8635D629234ECF00213909 /* CoinsRepository.swift */,
				901730A0292C8840003D9CDD /* SearchHistoryRepository.swift */,
				906C2191292CAB590017740A /* WalletRepository.swift */,
			);
			path = Repositories;
			sourceTree = "<group>";
		};
		DD8635D829234EE100213909 /* DataSource */ = {
			isa = PBXGroup;
			children = (
				900766F4292BCAF20030F020 /* Local */,
				DD8635D929234EE800213909 /* Remote */,
			);
			path = DataSource;
			sourceTree = "<group>";
		};
		DD8635D929234EE800213909 /* Remote */ = {
			isa = PBXGroup;
			children = (
				DD8635DA29234F0000213909 /* CoinServices.swift */,
			);
			path = Remote;
			sourceTree = "<group>";
		};
		DD8635DC2923508400213909 /* Repositories */ = {
			isa = PBXGroup;
			children = (
				DD8635DD2923509300213909 /* CoinsRepositoryImpl.swift */,
				900766F9292BCCC30030F020 /* SearchHistoryRepositoryImpl.swift */,
				906C218F292CAB460017740A /* WalletRepositoryImpl.swift */,
			);
			path = Repositories;
			sourceTree = "<group>";
		};
		DD8635DF292350BE00213909 /* UseCases */ = {
			isa = PBXGroup;
			children = (
				906C218C292CAB110017740A /* CreateWalletUseCase.swift */,
				906C218B292CAB110017740A /* LoadWalletUseCase.swift */,
				DD8635E0292350CC00213909 /* GetCoinsUseCase.swift */,
				DD8635E3292350E700213909 /* GetChartUseCase.swift */,
				90E8C8DA292B76BE00F264E3 /* GetSearchCoinUseCase.swift */,
				900766F7292BCC790030F020 /* SaveSearchHistoryUseCase.swift */,
				900766FB292BCDA20030F020 /* GetSearchHistoryUseCase.swift */,
			);
			path = UseCases;
			sourceTree = "<group>";
		};
		DD8DCE37291CFD1400F6BC9F = {
			isa = PBXGroup;
			children = (
				DD8DCE42291CFD1400F6BC9F /* Whollet */,
				DD8DCE41291CFD1400F6BC9F /* Products */,
				BCB635324DC014C757E4A00F /* Pods */,
				8B2963C610039CD066CE671E /* Frameworks */,
			);
			sourceTree = "<group>";
		};
		DD8DCE41291CFD1400F6BC9F /* Products */ = {
			isa = PBXGroup;
			children = (
				DD8DCE40291CFD1400F6BC9F /* Whollet.app */,
				DD8DCE56291CFD1600F6BC9F /* WholletTests.xctest */,
				DD8DCE60291CFD1700F6BC9F /* WholletUITests.xctest */,
			);
			name = Products;
			sourceTree = "<group>";
		};
		DD8DCE42291CFD1400F6BC9F /* Whollet */ = {
			isa = PBXGroup;
			children = (
				DD8DCE74291CFD4E00F6BC9F /* Source */,
				DD8DCE73291CFD3A00F6BC9F /* Resource */,
				DD8DCE51291CFD1600F6BC9F /* Info.plist */,
			);
			path = Whollet;
			sourceTree = "<group>";
		};
		DD8DCE73291CFD3A00F6BC9F /* Resource */ = {
			isa = PBXGroup;
			children = (
				906C2182292CAABB0017740A /* Font */,
				DD8DCE43291CFD1400F6BC9F /* AppDelegate.swift */,
				DD8DCE4C291CFD1600F6BC9F /* Assets.xcassets */,
				900766F1292BC9D60030F020 /* Whollet.xcdatamodeld */,
			);
			path = Resource;
			sourceTree = "<group>";
		};
		DD8DCE74291CFD4E00F6BC9F /* Source */ = {
			isa = PBXGroup;
			children = (
				DD8635D429234EBE00213909 /* Domain */,
				DD9E09952921E9D500308D34 /* Data */,
				DD9E098B2921E9AC00308D34 /* Presentation */,
				DD20CD37291E312F00C8F1EE /* Extensions */,
				DD20CD1F291E30F900C8F1EE /* Core */,
			);
			path = Source;
			sourceTree = "<group>";
		};
		DD9E098B2921E9AC00308D34 /* Presentation */ = {
			isa = PBXGroup;
			children = (
				906C2198292CC3230017740A /* Welcome */,
				90E8C8D9292B758900F264E3 /* Search */,
				DDA3DC212927508300ED7E3E /* Detail */,
				DDA3DC1A2927507D00ED7E3E /* Coins */,
				DDAA054229249B1F007E61FA /* Components */,
				DDAA0530292499D0007E61FA /* Home */,
				DD9E098C2921E9AC00308D34 /* Launch */,
				DD9E098F2921E9AC00308D34 /* Onboarding */,
			);
			path = Presentation;
			sourceTree = "<group>";
		};
		DD9E098C2921E9AC00308D34 /* Launch */ = {
			isa = PBXGroup;
			children = (
				DD9E098D2921E9AC00308D34 /* LaunchScreen.storyboard */,
			);
			path = Launch;
			sourceTree = "<group>";
		};
		DD9E098F2921E9AC00308D34 /* Onboarding */ = {
			isa = PBXGroup;
			children = (
				DD9E09902921E9AC00308D34 /* OnboardingScreen.storyboard */,
				DD9E09912921E9AC00308D34 /* OnboardingViewController.swift */,
			);
			path = Onboarding;
			sourceTree = "<group>";
		};
		DD9E09952921E9D500308D34 /* Data */ = {
			isa = PBXGroup;
			children = (
				DD8635DC2923508400213909 /* Repositories */,
				DD8635D829234EE100213909 /* DataSource */,
				DD9E09962921E9D500308D34 /* Models */,
			);
			path = Data;
			sourceTree = "<group>";
		};
		DD9E09962921E9D500308D34 /* Models */ = {
			isa = PBXGroup;
			children = (
				DD9E09972921E9D500308D34 /* OnboardingModel.swift */,
				DD8635CE29234E5F00213909 /* ChartResponseModel.swift */,
				DD8635D029234E7200213909 /* CoinsResponseModel.swift */,
				90E8C8D7292B716C00F264E3 /* SearchCoinResponseModel.swift */,
			);
			path = Models;
			sourceTree = "<group>";
		};
		DDA3DC1A2927507D00ED7E3E /* Coins */ = {
			isa = PBXGroup;
			children = (
				DDA3DC1B2927507D00ED7E3E /* CoinsViewModel.swift */,
				DDA3DC1C2927507D00ED7E3E /* CoinsViewController.swift */,
				DDA3DC1D2927507D00ED7E3E /* CoinsViewController.storyboard */,
			);
			path = Coins;
			sourceTree = "<group>";
		};
		DDA3DC212927508300ED7E3E /* Detail */ = {
			isa = PBXGroup;
			children = (
				DDA3DC222927508300ED7E3E /* DetailViewController.swift */,
				DDA3DC232927508300ED7E3E /* DetailViewModel.swift */,
				DDA3DC242927508300ED7E3E /* DetailViewController.storyboard */,
			);
			path = Detail;
			sourceTree = "<group>";
		};
		DDA3DC282927512900ED7E3E /* SpinnerFooter */ = {
			isa = PBXGroup;
			children = (
				DDA3DC292927512900ED7E3E /* SpinnerFooter.swift */,
				DDA3DC2A2927512900ED7E3E /* SpinnerFooter.xib */,
			);
			path = SpinnerFooter;
			sourceTree = "<group>";
		};
		DDAA0530292499D0007E61FA /* Home */ = {
			isa = PBXGroup;
			children = (
				DDAA0531292499E2007E61FA /* HomeViewModel.swift */,
				DDAA0533292499F7007E61FA /* HomeViewController.swift */,
				DDAA053829249A29007E61FA /* HomeViewController.storyboard */,
			);
			path = Home;
			sourceTree = "<group>";
		};
		DDAA054229249B1F007E61FA /* Components */ = {
			isa = PBXGroup;
			children = (
				900766EB292BBF030030F020 /* SearchCell */,
				DDA3DC282927512900ED7E3E /* SpinnerFooter */,
				DDAA054529249B38007E61FA /* CoinCell */,
			);
			path = Components;
			sourceTree = "<group>";
		};
		DDAA054529249B38007E61FA /* CoinCell */ = {
			isa = PBXGroup;
			children = (
				DDAA054329249B34007E61FA /* CoinTableViewCell.xib */,
				DDAA054629249B56007E61FA /* CoinTableViewCell.swift */,
			);
			path = CoinCell;
			sourceTree = "<group>";
		};
/* End PBXGroup section */

/* Begin PBXNativeTarget section */
		DD8DCE3F291CFD1400F6BC9F /* Whollet */ = {
			isa = PBXNativeTarget;
			buildConfigurationList = DD8DCE6A291CFD1700F6BC9F /* Build configuration list for PBXNativeTarget "Whollet" */;
			buildPhases = (
				AAF5ED086A6C20B1D6C5AB6C /* [CP] Check Pods Manifest.lock */,
				DD8DCE3C291CFD1400F6BC9F /* Sources */,
				DD8DCE3D291CFD1400F6BC9F /* Frameworks */,
				DD8DCE3E291CFD1400F6BC9F /* Resources */,
				DD20CD43291E4E2E00C8F1EE /* ShellScript */,
				8FF3B0FDBA228493DDB4C1EE /* [CP] Embed Pods Frameworks */,
			);
			buildRules = (
			);
			dependencies = (
			);
			name = Whollet;
			packageProductDependencies = (
				DDAA054B29249C19007E61FA /* Charts */,
				DDAA05582924BD22007E61FA /* Reusable */,
			);
			productName = Whollet;
			productReference = DD8DCE40291CFD1400F6BC9F /* Whollet.app */;
			productType = "com.apple.product-type.application";
		};
		DD8DCE55291CFD1600F6BC9F /* WholletTests */ = {
			isa = PBXNativeTarget;
			buildConfigurationList = DD8DCE6D291CFD1700F6BC9F /* Build configuration list for PBXNativeTarget "WholletTests" */;
			buildPhases = (
				DD8DCE52291CFD1600F6BC9F /* Sources */,
				DD8DCE53291CFD1600F6BC9F /* Frameworks */,
				DD8DCE54291CFD1600F6BC9F /* Resources */,
			);
			buildRules = (
			);
			dependencies = (
				DD8DCE58291CFD1600F6BC9F /* PBXTargetDependency */,
			);
			name = WholletTests;
			productName = WholletTests;
			productReference = DD8DCE56291CFD1600F6BC9F /* WholletTests.xctest */;
			productType = "com.apple.product-type.bundle.unit-test";
		};
		DD8DCE5F291CFD1700F6BC9F /* WholletUITests */ = {
			isa = PBXNativeTarget;
			buildConfigurationList = DD8DCE70291CFD1700F6BC9F /* Build configuration list for PBXNativeTarget "WholletUITests" */;
			buildPhases = (
				DD8DCE5C291CFD1700F6BC9F /* Sources */,
				DD8DCE5D291CFD1700F6BC9F /* Frameworks */,
				DD8DCE5E291CFD1700F6BC9F /* Resources */,
			);
			buildRules = (
			);
			dependencies = (
				DD8DCE62291CFD1700F6BC9F /* PBXTargetDependency */,
			);
			name = WholletUITests;
			productName = WholletUITests;
			productReference = DD8DCE60291CFD1700F6BC9F /* WholletUITests.xctest */;
			productType = "com.apple.product-type.bundle.ui-testing";
		};
/* End PBXNativeTarget section */

/* Begin PBXProject section */
		DD8DCE38291CFD1400F6BC9F /* Project object */ = {
			isa = PBXProject;
			attributes = {
				BuildIndependentTargetsInParallel = 1;
				LastSwiftUpdateCheck = 1410;
				LastUpgradeCheck = 1410;
				TargetAttributes = {
					DD8DCE3F291CFD1400F6BC9F = {
						CreatedOnToolsVersion = 14.1;
					};
					DD8DCE55291CFD1600F6BC9F = {
						CreatedOnToolsVersion = 14.1;
						TestTargetID = DD8DCE3F291CFD1400F6BC9F;
					};
					DD8DCE5F291CFD1700F6BC9F = {
						CreatedOnToolsVersion = 14.1;
						TestTargetID = DD8DCE3F291CFD1400F6BC9F;
					};
				};
			};
			buildConfigurationList = DD8DCE3B291CFD1400F6BC9F /* Build configuration list for PBXProject "Whollet" */;
			compatibilityVersion = "Xcode 14.0";
			developmentRegion = en;
			hasScannedForEncodings = 0;
			knownRegions = (
				en,
				Base,
			);
			mainGroup = DD8DCE37291CFD1400F6BC9F;
			packageReferences = (
				DDAA054A29249C19007E61FA /* XCRemoteSwiftPackageReference "Charts" */,
				DDAA05572924BD22007E61FA /* XCRemoteSwiftPackageReference "Reusable" */,
			);
			productRefGroup = DD8DCE41291CFD1400F6BC9F /* Products */;
			projectDirPath = "";
			projectRoot = "";
			targets = (
				DD8DCE3F291CFD1400F6BC9F /* Whollet */,
				DD8DCE55291CFD1600F6BC9F /* WholletTests */,
				DD8DCE5F291CFD1700F6BC9F /* WholletUITests */,
			);
		};
/* End PBXProject section */

/* Begin PBXResourcesBuildPhase section */
		DD8DCE3E291CFD1400F6BC9F /* Resources */ = {
			isa = PBXResourcesBuildPhase;
			buildActionMask = 2147483647;
			files = (
				DDA3DC2C2927512900ED7E3E /* SpinnerFooter.xib in Resources */,
				DDA3DC272927508300ED7E3E /* DetailViewController.storyboard in Resources */,
				DDA3DC202927507D00ED7E3E /* CoinsViewController.storyboard in Resources */,
				DD9E09922921E9AC00308D34 /* LaunchScreen.storyboard in Resources */,
				DDAA053929249A29007E61FA /* HomeViewController.storyboard in Resources */,
				906C219B292CC3230017740A /* WelcomeViewController.storyboard in Resources */,
				90E8C8E4292B9AAC00F264E3 /* SearchViewController.storyboard in Resources */,
				906C2188292CAABB0017740A /* TitilliumWeb-Regular.ttf in Resources */,
				906C2187292CAABB0017740A /* TitilliumWeb-Bold.ttf in Resources */,
				DD9E09932921E9AC00308D34 /* OnboardingScreen.storyboard in Resources */,
				DDAA054429249B34007E61FA /* CoinTableViewCell.xib in Resources */,
				906C218A292CAABB0017740A /* TitilliumWeb-Light.ttf in Resources */,
				DD8DCE4D291CFD1600F6BC9F /* Assets.xcassets in Resources */,
				906C2189292CAABB0017740A /* TitilliumWeb-SemiBold.ttf in Resources */,
				900766F0292BBF280030F020 /* SearchTableViewCell.xib in Resources */,
			);
			runOnlyForDeploymentPostprocessing = 0;
		};
		DD8DCE54291CFD1600F6BC9F /* Resources */ = {
			isa = PBXResourcesBuildPhase;
			buildActionMask = 2147483647;
			files = (
			);
			runOnlyForDeploymentPostprocessing = 0;
		};
		DD8DCE5E291CFD1700F6BC9F /* Resources */ = {
			isa = PBXResourcesBuildPhase;
			buildActionMask = 2147483647;
			files = (
			);
			runOnlyForDeploymentPostprocessing = 0;
		};
/* End PBXResourcesBuildPhase section */

/* Begin PBXShellScriptBuildPhase section */
		8FF3B0FDBA228493DDB4C1EE /* [CP] Embed Pods Frameworks */ = {
			isa = PBXShellScriptBuildPhase;
			buildActionMask = 2147483647;
			files = (
			);
			inputFileListPaths = (
				"${PODS_ROOT}/Target Support Files/Pods-Whollet/Pods-Whollet-frameworks-${CONFIGURATION}-input-files.xcfilelist",
			);
			name = "[CP] Embed Pods Frameworks";
			outputFileListPaths = (
				"${PODS_ROOT}/Target Support Files/Pods-Whollet/Pods-Whollet-frameworks-${CONFIGURATION}-output-files.xcfilelist",
			);
			runOnlyForDeploymentPostprocessing = 0;
			shellPath = /bin/sh;
			shellScript = "\"${PODS_ROOT}/Target Support Files/Pods-Whollet/Pods-Whollet-frameworks.sh\"\n";
			showEnvVarsInLog = 0;
		};
		AAF5ED086A6C20B1D6C5AB6C /* [CP] Check Pods Manifest.lock */ = {
			isa = PBXShellScriptBuildPhase;
			buildActionMask = 2147483647;
			files = (
			);
			inputFileListPaths = (
			);
			inputPaths = (
				"${PODS_PODFILE_DIR_PATH}/Podfile.lock",
				"${PODS_ROOT}/Manifest.lock",
			);
			name = "[CP] Check Pods Manifest.lock";
			outputFileListPaths = (
			);
			outputPaths = (
				"$(DERIVED_FILE_DIR)/Pods-Whollet-checkManifestLockResult.txt",
			);
			runOnlyForDeploymentPostprocessing = 0;
			shellPath = /bin/sh;
			shellScript = "diff \"${PODS_PODFILE_DIR_PATH}/Podfile.lock\" \"${PODS_ROOT}/Manifest.lock\" > /dev/null\nif [ $? != 0 ] ; then\n    # print error to STDERR\n    echo \"error: The sandbox is not in sync with the Podfile.lock. Run 'pod install' or update your CocoaPods installation.\" >&2\n    exit 1\nfi\n# This output is used by Xcode 'outputs' to avoid re-running this script phase.\necho \"SUCCESS\" > \"${SCRIPT_OUTPUT_FILE_0}\"\n";
			showEnvVarsInLog = 0;
		};
		DD20CD43291E4E2E00C8F1EE /* ShellScript */ = {
			isa = PBXShellScriptBuildPhase;
			buildActionMask = 2147483647;
			files = (
			);
			inputFileListPaths = (
			);
			inputPaths = (
			);
			outputFileListPaths = (
			);
			outputPaths = (
			);
			runOnlyForDeploymentPostprocessing = 0;
			shellPath = /bin/sh;
			shellScript = "# Type a script or drag a script file from your workspace to insert its path.\nif which swiftlint >/dev/null; then\n  swiftlint\nelse\n  echo \"warning: SwiftLint not installed, download from https://github.com/realm/SwiftLint\"\nfi\n";
		};
/* End PBXShellScriptBuildPhase section */

/* Begin PBXSourcesBuildPhase section */
		DD8DCE3C291CFD1400F6BC9F /* Sources */ = {
			isa = PBXSourcesBuildPhase;
			buildActionMask = 2147483647;
			files = (
				DD8635D729234ECF00213909 /* CoinsRepository.swift in Sources */,
				90E8C8DB292B76BE00F264E3 /* GetSearchCoinUseCase.swift in Sources */,
				DD20CD30291E30F900C8F1EE /* AppConstants.swift in Sources */,
				900766F3292BC9D60030F020 /* Whollet.xcdatamodeld in Sources */,
				906C218D292CAB110017740A /* LoadWalletUseCase.swift in Sources */,
				DD8635D129234E7200213909 /* CoinsResponseModel.swift in Sources */,
				90E8C8E2292B996800F264E3 /* SearchViewController.swift in Sources */,
				90E8C8DE292B992400F264E3 /* SearchViewModel.swift in Sources */,
				900766F6292BCB040030F020 /* LocalDataMamager.swift in Sources */,
				DDAA0532292499E2007E61FA /* HomeViewModel.swift in Sources */,
				DD8635E4292350E700213909 /* GetChartUseCase.swift in Sources */,
				DD0837B22924EE930020F767 /* BehaviorSubject.swift in Sources */,
				900766F8292BCC790030F020 /* SaveSearchHistoryUseCase.swift in Sources */,
				DD20CD35291E30F900C8F1EE /* BaseRequestParams.swift in Sources */,
				DD8635D329234E9F00213909 /* ChartRequestParams.swift in Sources */,
				DD20CD3E291E312F00C8F1EE /* UIColor+Extension.swift in Sources */,
				906C2190292CAB460017740A /* WalletRepositoryImpl.swift in Sources */,
				DD9E09982921E9D500308D34 /* OnboardingModel.swift in Sources */,
				DD20CD34291E30F900C8F1EE /* APICaller.swift in Sources */,
				DDAA0534292499F7007E61FA /* HomeViewController.swift in Sources */,
				906C219E292CC4A30017740A /* UIButton+Extension.swift in Sources */,
				DD9E097F2921D95F00308D34 /* ImageManager.swift in Sources */,
				DDA3DC1E2927507D00ED7E3E /* CoinsViewModel.swift in Sources */,
				DD20CD40291E312F00C8F1EE /* UIVIew+Extension.swift in Sources */,
				DDA3DC262927508300ED7E3E /* DetailViewModel.swift in Sources */,
				DD9E09942921E9AC00308D34 /* OnboardingViewController.swift in Sources */,
				DD8635DE2923509300213909 /* CoinsRepositoryImpl.swift in Sources */,
				906C2192292CAB590017740A /* WalletRepository.swift in Sources */,
				900766EF292BBF280030F020 /* SearchTableViewCell.swift in Sources */,
				DD8DCE44291CFD1400F6BC9F /* AppDelegate.swift in Sources */,
				DD20CD36291E30F900C8F1EE /* CoinsRequestParams.swift in Sources */,
				90E8C8D6292B6FAA00F264E3 /* SearchCoinRequestParams.swift in Sources */,
				906C219C292CC3230017740A /* WelcomeViewController.swift in Sources */,
				DDA3DC252927508300ED7E3E /* DetailViewController.swift in Sources */,
				DDA3DC2B2927512900ED7E3E /* SpinnerFooter.swift in Sources */,
				DD20CD3D291E312F00C8F1EE /* UIImageView+Extension.swift in Sources */,
				DD20CD32291E30F900C8F1EE /* Endpoints.swift in Sources */,
				DDAA054729249B56007E61FA /* CoinTableViewCell.swift in Sources */,
				900766FC292BCDA20030F020 /* GetSearchHistoryUseCase.swift in Sources */,
				DD20CD41291E312F00C8F1EE /* UIScreen+Extension.swift in Sources */,
				900766FA292BCCC30030F020 /* SearchHistoryRepositoryImpl.swift in Sources */,
				DD8635DB29234F0000213909 /* CoinServices.swift in Sources */,
				901730A1292C8840003D9CDD /* SearchHistoryRepository.swift in Sources */,
				90E8C8D8292B716C00F264E3 /* SearchCoinResponseModel.swift in Sources */,
				DD8635E1292350CC00213909 /* GetCoinsUseCase.swift in Sources */,
				DD20CD3F291E312F00C8F1EE /* UILabel+Extension.swift in Sources */,
				DD20CD33291E30F900C8F1EE /* APIError.swift in Sources */,
				DDA3DC1F2927507D00ED7E3E /* CoinsViewController.swift in Sources */,
				906C218E292CAB110017740A /* CreateWalletUseCase.swift in Sources */,
				DD8635CF29234E5F00213909 /* ChartResponseModel.swift in Sources */,
				DDAA054929249BC1007E61FA /* String+Extension.swift in Sources */,
			);
			runOnlyForDeploymentPostprocessing = 0;
		};
		DD8DCE52291CFD1600F6BC9F /* Sources */ = {
			isa = PBXSourcesBuildPhase;
			buildActionMask = 2147483647;
			files = (
			);
			runOnlyForDeploymentPostprocessing = 0;
		};
		DD8DCE5C291CFD1700F6BC9F /* Sources */ = {
			isa = PBXSourcesBuildPhase;
			buildActionMask = 2147483647;
			files = (
			);
			runOnlyForDeploymentPostprocessing = 0;
		};
/* End PBXSourcesBuildPhase section */

/* Begin PBXTargetDependency section */
		DD8DCE58291CFD1600F6BC9F /* PBXTargetDependency */ = {
			isa = PBXTargetDependency;
			target = DD8DCE3F291CFD1400F6BC9F /* Whollet */;
			targetProxy = DD8DCE57291CFD1600F6BC9F /* PBXContainerItemProxy */;
		};
		DD8DCE62291CFD1700F6BC9F /* PBXTargetDependency */ = {
			isa = PBXTargetDependency;
			target = DD8DCE3F291CFD1400F6BC9F /* Whollet */;
			targetProxy = DD8DCE61291CFD1700F6BC9F /* PBXContainerItemProxy */;
		};
/* End PBXTargetDependency section */

/* Begin PBXVariantGroup section */
		DD9E098D2921E9AC00308D34 /* LaunchScreen.storyboard */ = {
			isa = PBXVariantGroup;
			children = (
				DD9E098E2921E9AC00308D34 /* Base */,
			);
			name = LaunchScreen.storyboard;
			sourceTree = "<group>";
		};
/* End PBXVariantGroup section */

/* Begin XCBuildConfiguration section */
		DD8DCE68291CFD1700F6BC9F /* Debug */ = {
			isa = XCBuildConfiguration;
			buildSettings = {
				ALWAYS_SEARCH_USER_PATHS = NO;
				CLANG_ANALYZER_NONNULL = YES;
				CLANG_ANALYZER_NUMBER_OBJECT_CONVERSION = YES_AGGRESSIVE;
				CLANG_CXX_LANGUAGE_STANDARD = "gnu++20";
				CLANG_ENABLE_MODULES = YES;
				CLANG_ENABLE_OBJC_ARC = YES;
				CLANG_ENABLE_OBJC_WEAK = YES;
				CLANG_WARN_BLOCK_CAPTURE_AUTORELEASING = YES;
				CLANG_WARN_BOOL_CONVERSION = YES;
				CLANG_WARN_COMMA = YES;
				CLANG_WARN_CONSTANT_CONVERSION = YES;
				CLANG_WARN_DEPRECATED_OBJC_IMPLEMENTATIONS = YES;
				CLANG_WARN_DIRECT_OBJC_ISA_USAGE = YES_ERROR;
				CLANG_WARN_DOCUMENTATION_COMMENTS = YES;
				CLANG_WARN_EMPTY_BODY = YES;
				CLANG_WARN_ENUM_CONVERSION = YES;
				CLANG_WARN_INFINITE_RECURSION = YES;
				CLANG_WARN_INT_CONVERSION = YES;
				CLANG_WARN_NON_LITERAL_NULL_CONVERSION = YES;
				CLANG_WARN_OBJC_IMPLICIT_RETAIN_SELF = YES;
				CLANG_WARN_OBJC_LITERAL_CONVERSION = YES;
				CLANG_WARN_OBJC_ROOT_CLASS = YES_ERROR;
				CLANG_WARN_QUOTED_INCLUDE_IN_FRAMEWORK_HEADER = YES;
				CLANG_WARN_RANGE_LOOP_ANALYSIS = YES;
				CLANG_WARN_STRICT_PROTOTYPES = YES;
				CLANG_WARN_SUSPICIOUS_MOVE = YES;
				CLANG_WARN_UNGUARDED_AVAILABILITY = YES_AGGRESSIVE;
				CLANG_WARN_UNREACHABLE_CODE = YES;
				CLANG_WARN__DUPLICATE_METHOD_MATCH = YES;
				COPY_PHASE_STRIP = NO;
				DEBUG_INFORMATION_FORMAT = dwarf;
				ENABLE_STRICT_OBJC_MSGSEND = YES;
				ENABLE_TESTABILITY = YES;
				GCC_C_LANGUAGE_STANDARD = gnu11;
				GCC_DYNAMIC_NO_PIC = NO;
				GCC_NO_COMMON_BLOCKS = YES;
				GCC_OPTIMIZATION_LEVEL = 0;
				GCC_PREPROCESSOR_DEFINITIONS = (
					"DEBUG=1",
					"$(inherited)",
				);
				GCC_WARN_64_TO_32_BIT_CONVERSION = YES;
				GCC_WARN_ABOUT_RETURN_TYPE = YES_ERROR;
				GCC_WARN_UNDECLARED_SELECTOR = YES;
				GCC_WARN_UNINITIALIZED_AUTOS = YES_AGGRESSIVE;
				GCC_WARN_UNUSED_FUNCTION = YES;
				GCC_WARN_UNUSED_VARIABLE = YES;
				IPHONEOS_DEPLOYMENT_TARGET = 16.1;
				MTL_ENABLE_DEBUG_INFO = INCLUDE_SOURCE;
				MTL_FAST_MATH = YES;
				ONLY_ACTIVE_ARCH = YES;
				SDKROOT = iphoneos;
				SWIFT_ACTIVE_COMPILATION_CONDITIONS = DEBUG;
				SWIFT_OPTIMIZATION_LEVEL = "-Onone";
			};
			name = Debug;
		};
		DD8DCE69291CFD1700F6BC9F /* Release */ = {
			isa = XCBuildConfiguration;
			buildSettings = {
				ALWAYS_SEARCH_USER_PATHS = NO;
				CLANG_ANALYZER_NONNULL = YES;
				CLANG_ANALYZER_NUMBER_OBJECT_CONVERSION = YES_AGGRESSIVE;
				CLANG_CXX_LANGUAGE_STANDARD = "gnu++20";
				CLANG_ENABLE_MODULES = YES;
				CLANG_ENABLE_OBJC_ARC = YES;
				CLANG_ENABLE_OBJC_WEAK = YES;
				CLANG_WARN_BLOCK_CAPTURE_AUTORELEASING = YES;
				CLANG_WARN_BOOL_CONVERSION = YES;
				CLANG_WARN_COMMA = YES;
				CLANG_WARN_CONSTANT_CONVERSION = YES;
				CLANG_WARN_DEPRECATED_OBJC_IMPLEMENTATIONS = YES;
				CLANG_WARN_DIRECT_OBJC_ISA_USAGE = YES_ERROR;
				CLANG_WARN_DOCUMENTATION_COMMENTS = YES;
				CLANG_WARN_EMPTY_BODY = YES;
				CLANG_WARN_ENUM_CONVERSION = YES;
				CLANG_WARN_INFINITE_RECURSION = YES;
				CLANG_WARN_INT_CONVERSION = YES;
				CLANG_WARN_NON_LITERAL_NULL_CONVERSION = YES;
				CLANG_WARN_OBJC_IMPLICIT_RETAIN_SELF = YES;
				CLANG_WARN_OBJC_LITERAL_CONVERSION = YES;
				CLANG_WARN_OBJC_ROOT_CLASS = YES_ERROR;
				CLANG_WARN_QUOTED_INCLUDE_IN_FRAMEWORK_HEADER = YES;
				CLANG_WARN_RANGE_LOOP_ANALYSIS = YES;
				CLANG_WARN_STRICT_PROTOTYPES = YES;
				CLANG_WARN_SUSPICIOUS_MOVE = YES;
				CLANG_WARN_UNGUARDED_AVAILABILITY = YES_AGGRESSIVE;
				CLANG_WARN_UNREACHABLE_CODE = YES;
				CLANG_WARN__DUPLICATE_METHOD_MATCH = YES;
				COPY_PHASE_STRIP = NO;
				DEBUG_INFORMATION_FORMAT = "dwarf-with-dsym";
				ENABLE_NS_ASSERTIONS = NO;
				ENABLE_STRICT_OBJC_MSGSEND = YES;
				GCC_C_LANGUAGE_STANDARD = gnu11;
				GCC_NO_COMMON_BLOCKS = YES;
				GCC_WARN_64_TO_32_BIT_CONVERSION = YES;
				GCC_WARN_ABOUT_RETURN_TYPE = YES_ERROR;
				GCC_WARN_UNDECLARED_SELECTOR = YES;
				GCC_WARN_UNINITIALIZED_AUTOS = YES_AGGRESSIVE;
				GCC_WARN_UNUSED_FUNCTION = YES;
				GCC_WARN_UNUSED_VARIABLE = YES;
				IPHONEOS_DEPLOYMENT_TARGET = 16.1;
				MTL_ENABLE_DEBUG_INFO = NO;
				MTL_FAST_MATH = YES;
				SDKROOT = iphoneos;
				SWIFT_COMPILATION_MODE = wholemodule;
				SWIFT_OPTIMIZATION_LEVEL = "-O";
				VALIDATE_PRODUCT = YES;
			};
			name = Release;
		};
		DD8DCE6B291CFD1700F6BC9F /* Debug */ = {
			isa = XCBuildConfiguration;
			baseConfigurationReference = 61F3BA7BD8F952254624C86A /* Pods-Whollet.debug.xcconfig */;
			buildSettings = {
				ASSETCATALOG_COMPILER_APPICON_NAME = AppIcon;
				ASSETCATALOG_COMPILER_GLOBAL_ACCENT_COLOR_NAME = AccentColor;
				CODE_SIGN_STYLE = Automatic;
				CURRENT_PROJECT_VERSION = 1;
				DEVELOPMENT_TEAM = 4946RK2ZAP;
				GENERATE_INFOPLIST_FILE = YES;
				INFOPLIST_FILE = Whollet/Info.plist;
				INFOPLIST_KEY_UIApplicationSupportsIndirectInputEvents = YES;
				INFOPLIST_KEY_UILaunchStoryboardName = LaunchScreen;
				INFOPLIST_KEY_UIMainStoryboardFile = OnboardingScreen;
				INFOPLIST_KEY_UISupportedInterfaceOrientations_iPad = "UIInterfaceOrientationPortrait UIInterfaceOrientationPortraitUpsideDown UIInterfaceOrientationLandscapeLeft UIInterfaceOrientationLandscapeRight";
				INFOPLIST_KEY_UISupportedInterfaceOrientations_iPhone = "UIInterfaceOrientationPortrait UIInterfaceOrientationLandscapeLeft UIInterfaceOrientationLandscapeRight";
				IPHONEOS_DEPLOYMENT_TARGET = 16.0;
				LD_RUNPATH_SEARCH_PATHS = (
					"$(inherited)",
					"@executable_path/Frameworks",
				);
				MARKETING_VERSION = 1.0;
				PRODUCT_BUNDLE_IDENTIFIER = sun.com.Whollet;
				PRODUCT_NAME = "$(TARGET_NAME)";
				SWIFT_EMIT_LOC_STRINGS = YES;
				SWIFT_VERSION = 5.0;
				TARGETED_DEVICE_FAMILY = "1,2";
			};
			name = Debug;
		};
		DD8DCE6C291CFD1700F6BC9F /* Release */ = {
			isa = XCBuildConfiguration;
			baseConfigurationReference = EDFB2F9F16BC36AE3E5F5AC3 /* Pods-Whollet.release.xcconfig */;
			buildSettings = {
				ASSETCATALOG_COMPILER_APPICON_NAME = AppIcon;
				ASSETCATALOG_COMPILER_GLOBAL_ACCENT_COLOR_NAME = AccentColor;
				CODE_SIGN_STYLE = Automatic;
				CURRENT_PROJECT_VERSION = 1;
				DEVELOPMENT_TEAM = 4946RK2ZAP;
				GENERATE_INFOPLIST_FILE = YES;
				INFOPLIST_FILE = Whollet/Info.plist;
				INFOPLIST_KEY_UIApplicationSupportsIndirectInputEvents = YES;
				INFOPLIST_KEY_UILaunchStoryboardName = LaunchScreen;
				INFOPLIST_KEY_UIMainStoryboardFile = OnboardingScreen;
				INFOPLIST_KEY_UISupportedInterfaceOrientations_iPad = "UIInterfaceOrientationPortrait UIInterfaceOrientationPortraitUpsideDown UIInterfaceOrientationLandscapeLeft UIInterfaceOrientationLandscapeRight";
				INFOPLIST_KEY_UISupportedInterfaceOrientations_iPhone = "UIInterfaceOrientationPortrait UIInterfaceOrientationLandscapeLeft UIInterfaceOrientationLandscapeRight";
				IPHONEOS_DEPLOYMENT_TARGET = 16.0;
				LD_RUNPATH_SEARCH_PATHS = (
					"$(inherited)",
					"@executable_path/Frameworks",
				);
				MARKETING_VERSION = 1.0;
				PRODUCT_BUNDLE_IDENTIFIER = sun.com.Whollet;
				PRODUCT_NAME = "$(TARGET_NAME)";
				SWIFT_EMIT_LOC_STRINGS = YES;
				SWIFT_VERSION = 5.0;
				TARGETED_DEVICE_FAMILY = "1,2";
			};
			name = Release;
		};
		DD8DCE6E291CFD1700F6BC9F /* Debug */ = {
			isa = XCBuildConfiguration;
			buildSettings = {
				ALWAYS_EMBED_SWIFT_STANDARD_LIBRARIES = YES;
				BUNDLE_LOADER = "$(TEST_HOST)";
				CODE_SIGN_STYLE = Automatic;
				CURRENT_PROJECT_VERSION = 1;
				DEVELOPMENT_TEAM = 4946RK2ZAP;
				GENERATE_INFOPLIST_FILE = YES;
				IPHONEOS_DEPLOYMENT_TARGET = 16.1;
				MARKETING_VERSION = 1.0;
				PRODUCT_BUNDLE_IDENTIFIER = sun.com.WholletTests;
				PRODUCT_NAME = "$(TARGET_NAME)";
				SWIFT_EMIT_LOC_STRINGS = NO;
				SWIFT_VERSION = 5.0;
				TARGETED_DEVICE_FAMILY = "1,2";
				TEST_HOST = "$(BUILT_PRODUCTS_DIR)/Whollet.app/$(BUNDLE_EXECUTABLE_FOLDER_PATH)/Whollet";
			};
			name = Debug;
		};
		DD8DCE6F291CFD1700F6BC9F /* Release */ = {
			isa = XCBuildConfiguration;
			buildSettings = {
				ALWAYS_EMBED_SWIFT_STANDARD_LIBRARIES = YES;
				BUNDLE_LOADER = "$(TEST_HOST)";
				CODE_SIGN_STYLE = Automatic;
				CURRENT_PROJECT_VERSION = 1;
				DEVELOPMENT_TEAM = 4946RK2ZAP;
				GENERATE_INFOPLIST_FILE = YES;
				IPHONEOS_DEPLOYMENT_TARGET = 16.1;
				MARKETING_VERSION = 1.0;
				PRODUCT_BUNDLE_IDENTIFIER = sun.com.WholletTests;
				PRODUCT_NAME = "$(TARGET_NAME)";
				SWIFT_EMIT_LOC_STRINGS = NO;
				SWIFT_VERSION = 5.0;
				TARGETED_DEVICE_FAMILY = "1,2";
				TEST_HOST = "$(BUILT_PRODUCTS_DIR)/Whollet.app/$(BUNDLE_EXECUTABLE_FOLDER_PATH)/Whollet";
			};
			name = Release;
		};
		DD8DCE71291CFD1700F6BC9F /* Debug */ = {
			isa = XCBuildConfiguration;
			buildSettings = {
				ALWAYS_EMBED_SWIFT_STANDARD_LIBRARIES = YES;
				CODE_SIGN_STYLE = Automatic;
				CURRENT_PROJECT_VERSION = 1;
				DEVELOPMENT_TEAM = 4946RK2ZAP;
				GENERATE_INFOPLIST_FILE = YES;
				MARKETING_VERSION = 1.0;
				PRODUCT_BUNDLE_IDENTIFIER = sun.com.WholletUITests;
				PRODUCT_NAME = "$(TARGET_NAME)";
				SWIFT_EMIT_LOC_STRINGS = NO;
				SWIFT_VERSION = 5.0;
				TARGETED_DEVICE_FAMILY = "1,2";
				TEST_TARGET_NAME = Whollet;
			};
			name = Debug;
		};
		DD8DCE72291CFD1700F6BC9F /* Release */ = {
			isa = XCBuildConfiguration;
			buildSettings = {
				ALWAYS_EMBED_SWIFT_STANDARD_LIBRARIES = YES;
				CODE_SIGN_STYLE = Automatic;
				CURRENT_PROJECT_VERSION = 1;
				DEVELOPMENT_TEAM = 4946RK2ZAP;
				GENERATE_INFOPLIST_FILE = YES;
				MARKETING_VERSION = 1.0;
				PRODUCT_BUNDLE_IDENTIFIER = sun.com.WholletUITests;
				PRODUCT_NAME = "$(TARGET_NAME)";
				SWIFT_EMIT_LOC_STRINGS = NO;
				SWIFT_VERSION = 5.0;
				TARGETED_DEVICE_FAMILY = "1,2";
				TEST_TARGET_NAME = Whollet;
			};
			name = Release;
		};
/* End XCBuildConfiguration section */

/* Begin XCConfigurationList section */
		DD8DCE3B291CFD1400F6BC9F /* Build configuration list for PBXProject "Whollet" */ = {
			isa = XCConfigurationList;
			buildConfigurations = (
				DD8DCE68291CFD1700F6BC9F /* Debug */,
				DD8DCE69291CFD1700F6BC9F /* Release */,
			);
			defaultConfigurationIsVisible = 0;
			defaultConfigurationName = Release;
		};
		DD8DCE6A291CFD1700F6BC9F /* Build configuration list for PBXNativeTarget "Whollet" */ = {
			isa = XCConfigurationList;
			buildConfigurations = (
				DD8DCE6B291CFD1700F6BC9F /* Debug */,
				DD8DCE6C291CFD1700F6BC9F /* Release */,
			);
			defaultConfigurationIsVisible = 0;
			defaultConfigurationName = Release;
		};
		DD8DCE6D291CFD1700F6BC9F /* Build configuration list for PBXNativeTarget "WholletTests" */ = {
			isa = XCConfigurationList;
			buildConfigurations = (
				DD8DCE6E291CFD1700F6BC9F /* Debug */,
				DD8DCE6F291CFD1700F6BC9F /* Release */,
			);
			defaultConfigurationIsVisible = 0;
			defaultConfigurationName = Release;
		};
		DD8DCE70291CFD1700F6BC9F /* Build configuration list for PBXNativeTarget "WholletUITests" */ = {
			isa = XCConfigurationList;
			buildConfigurations = (
				DD8DCE71291CFD1700F6BC9F /* Debug */,
				DD8DCE72291CFD1700F6BC9F /* Release */,
			);
			defaultConfigurationIsVisible = 0;
			defaultConfigurationName = Release;
		};
/* End XCConfigurationList section */

/* Begin XCRemoteSwiftPackageReference section */
		DDAA054A29249C19007E61FA /* XCRemoteSwiftPackageReference "Charts" */ = {
			isa = XCRemoteSwiftPackageReference;
			repositoryURL = "https://github.com/danielgindi/Charts.git";
			requirement = {
				branch = master;
				kind = branch;
			};
		};
		DDAA05572924BD22007E61FA /* XCRemoteSwiftPackageReference "Reusable" */ = {
			isa = XCRemoteSwiftPackageReference;
			repositoryURL = "https://github.com/AliSoftware/Reusable.git";
			requirement = {
				kind = upToNextMajorVersion;
				minimumVersion = 4.0.0;
			};
		};
/* End XCRemoteSwiftPackageReference section */

/* Begin XCSwiftPackageProductDependency section */
		DDAA054B29249C19007E61FA /* Charts */ = {
			isa = XCSwiftPackageProductDependency;
			package = DDAA054A29249C19007E61FA /* XCRemoteSwiftPackageReference "Charts" */;
			productName = Charts;
		};
		DDAA05582924BD22007E61FA /* Reusable */ = {
			isa = XCSwiftPackageProductDependency;
			package = DDAA05572924BD22007E61FA /* XCRemoteSwiftPackageReference "Reusable" */;
			productName = Reusable;
		};
/* End XCSwiftPackageProductDependency section */

/* Begin XCVersionGroup section */
		900766F1292BC9D60030F020 /* Whollet.xcdatamodeld */ = {
			isa = XCVersionGroup;
			children = (
				900766F2292BC9D60030F020 /* Whollet.xcdatamodel */,
			);
			currentVersion = 900766F2292BC9D60030F020 /* Whollet.xcdatamodel */;
			path = Whollet.xcdatamodeld;
			sourceTree = "<group>";
			versionGroupType = wrapper.xcdatamodel;
		};
/* End XCVersionGroup section */
	};
	rootObject = DD8DCE38291CFD1400F6BC9F /* Project object */;
}
